
Microsoft Visual Studio Solution File, Format Version 12.00
# Visual Studio Version 17
VisualStudioVersion = 17.13.35818.85
MinimumVisualStudioVersion = 10.0.40219.1
Project("{FAE04EC0-301F-11D3-BF4B-00C04F79EFBC}") = "CloStyle", "CloStyle\CloStyle.csproj", "{79E9C596-79CB-4F29-B6A5-8CACB39ED2D3}"
EndProject
Project("{FAE04EC0-301F-11D3-BF4B-00C04F79EFBC}") = "CloStyle.Application", "CloStyle.Application\CloStyle.Application.csproj", "{94E05EB3-7B79-45D6-9E4D-F4AE0603ED20}"
EndProject
Project("{FAE04EC0-301F-11D3-BF4B-00C04F79EFBC}") = "CloStyle.Domain", "CloStyle.Domain\CloStyle.Domain.csproj", "{D5EC600D-89EC-4CC0-811A-5C09B252496B}"
EndProject
Project("{FAE04EC0-301F-11D3-BF4B-00C04F79EFBC}") = "CloStyle.Infrastructure", "CloStyle.Infrastructure\CloStyle.Infrastructure.csproj", "{D655C4DD-E5C8-4770-B518-5EC5B4F46AD0}"
EndProject
Global
	GlobalSection(SolutionConfigurationPlatforms) = preSolution
		Debug|Any CPU = Debug|Any CPU
		Release|Any CPU = Release|Any CPU
	EndGlobalSection
	GlobalSection(ProjectConfigurationPlatforms) = postSolution
		{79E9C596-79CB-4F29-B6A5-8CACB39ED2D3}.Debug|Any CPU.ActiveCfg = Debug|Any CPU
		{79E9C596-79CB-4F29-B6A5-8CACB39ED2D3}.Debug|Any CPU.Build.0 = Debug|Any CPU
		{79E9C596-79CB-4F29-B6A5-8CACB39ED2D3}.Release|Any CPU.ActiveCfg = Release|Any CPU
		{79E9C596-79CB-4F29-B6A5-8CACB39ED2D3}.Release|Any CPU.Build.0 = Release|Any CPU
		{94E05EB3-7B79-45D6-9E4D-F4AE0603ED20}.Debug|Any CPU.ActiveCfg = Debug|Any CPU
		{94E05EB3-7B79-45D6-9E4D-F4AE0603ED20}.Debug|Any CPU.Build.0 = Debug|Any CPU
		{94E05EB3-7B79-45D6-9E4D-F4AE0603ED20}.Release|Any CPU.ActiveCfg = Release|Any CPU
		{94E05EB3-7B79-45D6-9E4D-F4AE0603ED20}.Release|Any CPU.Build.0 = Release|Any CPU
		{D5EC600D-89EC-4CC0-811A-5C09B252496B}.Debug|Any CPU.ActiveCfg = Debug|Any CPU
		{D5EC600D-89EC-4CC0-811A-5C09B252496B}.Debug|Any CPU.Build.0 = Debug|Any CPU
		{D5EC600D-89EC-4CC0-811A-5C09B252496B}.Release|Any CPU.ActiveCfg = Release|Any CPU
		{D5EC600D-89EC-4CC0-811A-5C09B252496B}.Release|Any CPU.Build.0 = Release|Any CPU
		{D655C4DD-E5C8-4770-B518-5EC5B4F46AD0}.Debug|Any CPU.ActiveCfg = Debug|Any CPU
		{D655C4DD-E5C8-4770-B518-5EC5B4F46AD0}.Debug|Any CPU.Build.0 = Debug|Any CPU
		{D655C4DD-E5C8-4770-B518-5EC5B4F46AD0}.Release|Any CPU.ActiveCfg = Release|Any CPU
		{D655C4DD-E5C8-4770-B518-5EC5B4F46AD0}.Release|Any CPU.Build.0 = Release|Any CPU
	EndGlobalSection
	GlobalSection(SolutionProperties) = preSolution
		HideSolutionNode = FALSE
	EndGlobalSection
	GlobalSection(ExtensibilityGlobals) = postSolution
		SolutionGuid = {6BA46EA4-B188-4744-8B43-306011D62F44}
	EndGlobalSection
EndGlobal
